// !$*UTF8*$!
{
	archiveVersion = 1;
	classes = {
	};
	objectVersion = 50;
	objects = {

/* Begin PBXBuildFile section */
		8748A3E220B884CC00DFBD9A /* AppDelegate.swift in Sources */ = {isa = PBXBuildFile; fileRef = 8748A3E120B884CC00DFBD9A /* AppDelegate.swift */; };
		8748A3E420B884CC00DFBD9A /* ToDoListViewController.swift in Sources */ = {isa = PBXBuildFile; fileRef = 8748A3E320B884CC00DFBD9A /* ToDoListViewController.swift */; };
		8748A3E720B884CC00DFBD9A /* Main.storyboard in Resources */ = {isa = PBXBuildFile; fileRef = 8748A3E520B884CC00DFBD9A /* Main.storyboard */; };
		8748A3E920B884CD00DFBD9A /* Assets.xcassets in Resources */ = {isa = PBXBuildFile; fileRef = 8748A3E820B884CD00DFBD9A /* Assets.xcassets */; };
		8748A3EC20B884CD00DFBD9A /* LaunchScreen.storyboard in Resources */ = {isa = PBXBuildFile; fileRef = 8748A3EA20B884CD00DFBD9A /* LaunchScreen.storyboard */; };
		87778B4220E963D900D02EB1 /* Item.swift in Sources */ = {isa = PBXBuildFile; fileRef = 87778B4120E963D900D02EB1 /* Item.swift */; };
		87778B4420E963E000D02EB1 /* Category.swift in Sources */ = {isa = PBXBuildFile; fileRef = 87778B4320E963E000D02EB1 /* Category.swift */; };
		878A1DC020F894E20080417A /* SwipeTableViewController.swift in Sources */ = {isa = PBXBuildFile; fileRef = 878A1DBF20F894E20080417A /* SwipeTableViewController.swift */; };
		87A8A58C20E6A87A00826811 /* CategoryViewController.swift in Sources */ = {isa = PBXBuildFile; fileRef = 87A8A58B20E6A87A00826811 /* CategoryViewController.swift */; };
		C5385578FC6D3EF72E8B7196 /* Pods_Todoey.framework in Frameworks */ = {isa = PBXBuildFile; fileRef = 5131A0C0D9C299FA73FCD699 /* Pods_Todoey.framework */; };
/* End PBXBuildFile section */

/* Begin PBXFileReference section */
		4D757684FBD40DDEB08D754A /* Pods-Todoey.release.xcconfig */ = {isa = PBXFileReference; includeInIndex = 1; lastKnownFileType = text.xcconfig; name = "Pods-Todoey.release.xcconfig"; path = "Pods/Target Support Files/Pods-Todoey/Pods-Todoey.release.xcconfig"; sourceTree = "<group>"; };
		5131A0C0D9C299FA73FCD699 /* Pods_Todoey.framework */ = {isa = PBXFileReference; explicitFileType = wrapper.framework; includeInIndex = 0; path = Pods_Todoey.framework; sourceTree = BUILT_PRODUCTS_DIR; };
		714FA9B02BD22CAFA0565F5C /* Pods-Todoey.debug.xcconfig */ = {isa = PBXFileReference; includeInIndex = 1; lastKnownFileType = text.xcconfig; name = "Pods-Todoey.debug.xcconfig"; path = "Pods/Target Support Files/Pods-Todoey/Pods-Todoey.debug.xcconfig"; sourceTree = "<group>"; };
		8748A3DE20B884CC00DFBD9A /* Todoey.app */ = {isa = PBXFileReference; explicitFileType = wrapper.application; includeInIndex = 0; path = Todoey.app; sourceTree = BUILT_PRODUCTS_DIR; };
		8748A3E120B884CC00DFBD9A /* AppDelegate.swift */ = {isa = PBXFileReference; lastKnownFileType = sourcecode.swift; path = AppDelegate.swift; sourceTree = "<group>"; };
		8748A3E320B884CC00DFBD9A /* ToDoListViewController.swift */ = {isa = PBXFileReference; lastKnownFileType = sourcecode.swift; path = ToDoListViewController.swift; sourceTree = "<group>"; };
		8748A3E620B884CC00DFBD9A /* Base */ = {isa = PBXFileReference; lastKnownFileType = file.storyboard; name = Base; path = Base.lproj/Main.storyboard; sourceTree = "<group>"; };
		8748A3E820B884CD00DFBD9A /* Assets.xcassets */ = {isa = PBXFileReference; lastKnownFileType = folder.assetcatalog; path = Assets.xcassets; sourceTree = "<group>"; };
		8748A3EB20B884CD00DFBD9A /* Base */ = {isa = PBXFileReference; lastKnownFileType = file.storyboard; name = Base; path = Base.lproj/LaunchScreen.storyboard; sourceTree = "<group>"; };
		8748A3ED20B884CD00DFBD9A /* Info.plist */ = {isa = PBXFileReference; lastKnownFileType = text.plist.xml; path = Info.plist; sourceTree = "<group>"; };
		87778B4120E963D900D02EB1 /* Item.swift */ = {isa = PBXFileReference; lastKnownFileType = sourcecode.swift; path = Item.swift; sourceTree = "<group>"; };
		87778B4320E963E000D02EB1 /* Category.swift */ = {isa = PBXFileReference; lastKnownFileType = sourcecode.swift; path = Category.swift; sourceTree = "<group>"; };
		878A1DBF20F894E20080417A /* SwipeTableViewController.swift */ = {isa = PBXFileReference; lastKnownFileType = sourcecode.swift; path = SwipeTableViewController.swift; sourceTree = "<group>"; };
		87A8A58B20E6A87A00826811 /* CategoryViewController.swift */ = {isa = PBXFileReference; lastKnownFileType = sourcecode.swift; path = CategoryViewController.swift; sourceTree = "<group>"; };
/* End PBXFileReference section */

/* Begin PBXFrameworksBuildPhase section */
		8748A3DB20B884CC00DFBD9A /* Frameworks */ = {
			isa = PBXFrameworksBuildPhase;
			buildActionMask = 2147483647;
			files = (
				C5385578FC6D3EF72E8B7196 /* Pods_Todoey.framework in Frameworks */,
			);
			runOnlyForDeploymentPostprocessing = 0;
		};
/* End PBXFrameworksBuildPhase section */

/* Begin PBXGroup section */
		018860DD54ADE0E74675E79B /* Pods */ = {
			isa = PBXGroup;
			children = (
				714FA9B02BD22CAFA0565F5C /* Pods-Todoey.debug.xcconfig */,
				4D757684FBD40DDEB08D754A /* Pods-Todoey.release.xcconfig */,
			);
			name = Pods;
			sourceTree = "<group>";
		};
		6AC1156495B5711771D66D99 /* Frameworks */ = {
			isa = PBXGroup;
			children = (
				5131A0C0D9C299FA73FCD699 /* Pods_Todoey.framework */,
			);
			name = Frameworks;
			sourceTree = "<group>";
		};
		8748A3D520B884CC00DFBD9A = {
			isa = PBXGroup;
			children = (
				8748A3E020B884CC00DFBD9A /* Todoey */,
				8748A3DF20B884CC00DFBD9A /* Products */,
				018860DD54ADE0E74675E79B /* Pods */,
				6AC1156495B5711771D66D99 /* Frameworks */,
			);
			sourceTree = "<group>";
		};
		8748A3DF20B884CC00DFBD9A /* Products */ = {
			isa = PBXGroup;
			children = (
				8748A3DE20B884CC00DFBD9A /* Todoey.app */,
			);
			name = Products;
			sourceTree = "<group>";
		};
		8748A3E020B884CC00DFBD9A /* Todoey */ = {
			isa = PBXGroup;
			children = (
				8748A3ED20B884CD00DFBD9A /* Info.plist */,
				8748A3E120B884CC00DFBD9A /* AppDelegate.swift */,
				8774EAE720D427A900246901 /* Controllers */,
				8774EAE820D427B200246901 /* View */,
				8774EAE920D427C300246901 /* Supporting Files */,
				8774EAE620D4279A00246901 /* Data Model */,
			);
			path = Todoey;
			sourceTree = "<group>";
		};
		8774EAE620D4279A00246901 /* Data Model */ = {
			isa = PBXGroup;
			children = (
				87778B4320E963E000D02EB1 /* Category.swift */,
				87778B4120E963D900D02EB1 /* Item.swift */,
			);
			path = "Data Model";
			sourceTree = "<group>";
		};
		8774EAE720D427A900246901 /* Controllers */ = {
			isa = PBXGroup;
			children = (
				87A8A58B20E6A87A00826811 /* CategoryViewController.swift */,
				8748A3E320B884CC00DFBD9A /* ToDoListViewController.swift */,
				878A1DBF20F894E20080417A /* SwipeTableViewController.swift */,
			);
			path = Controllers;
			sourceTree = "<group>";
		};
		8774EAE820D427B200246901 /* View */ = {
			isa = PBXGroup;
			children = (
				8748A3EA20B884CD00DFBD9A /* LaunchScreen.storyboard */,
				8748A3E520B884CC00DFBD9A /* Main.storyboard */,
			);
			path = View;
			sourceTree = "<group>";
		};
		8774EAE920D427C300246901 /* Supporting Files */ = {
			isa = PBXGroup;
			children = (
				8748A3E820B884CD00DFBD9A /* Assets.xcassets */,
			);
			path = "Supporting Files";
			sourceTree = "<group>";
		};
/* End PBXGroup section */

/* Begin PBXNativeTarget section */
		8748A3DD20B884CC00DFBD9A /* Todoey */ = {
			isa = PBXNativeTarget;
			buildConfigurationList = 8748A3F020B884CD00DFBD9A /* Build configuration list for PBXNativeTarget "Todoey" */;
			buildPhases = (
				3839AEB5CB6A5A97BA8B075F /* [CP] Check Pods Manifest.lock */,
				8748A3DA20B884CC00DFBD9A /* Sources */,
				8748A3DB20B884CC00DFBD9A /* Frameworks */,
				8748A3DC20B884CC00DFBD9A /* Resources */,
				CA85BB6F17F186A4EA85F46D /* [CP] Embed Pods Frameworks */,
				9F56012FB0C13D68F953FABD /* [CP] Copy Pods Resources */,
			);
			buildRules = (
			);
			dependencies = (
			);
			name = Todoey;
			productName = Todoey;
			productReference = 8748A3DE20B884CC00DFBD9A /* Todoey.app */;
			productType = "com.apple.product-type.application";
		};
/* End PBXNativeTarget section */

/* Begin PBXProject section */
		8748A3D620B884CC00DFBD9A /* Project object */ = {
			isa = PBXProject;
			attributes = {
				LastSwiftUpdateCheck = 0930;
				LastUpgradeCheck = 0930;
				ORGANIZATIONNAME = "Aziz Zaynutdinov";
				TargetAttributes = {
					8748A3DD20B884CC00DFBD9A = {
						CreatedOnToolsVersion = 9.3.1;
					};
				};
			};
			buildConfigurationList = 8748A3D920B884CC00DFBD9A /* Build configuration list for PBXProject "Todoey" */;
			compatibilityVersion = "Xcode 9.3";
			developmentRegion = en;
			hasScannedForEncodings = 0;
			knownRegions = (
				en,
				Base,
			);
			mainGroup = 8748A3D520B884CC00DFBD9A;
			productRefGroup = 8748A3DF20B884CC00DFBD9A /* Products */;
			projectDirPath = "";
			projectRoot = "";
			targets = (
				8748A3DD20B884CC00DFBD9A /* Todoey */,
			);
		};
/* End PBXProject section */

/* Begin PBXResourcesBuildPhase section */
		8748A3DC20B884CC00DFBD9A /* Resources */ = {
			isa = PBXResourcesBuildPhase;
			buildActionMask = 2147483647;
			files = (
				8748A3EC20B884CD00DFBD9A /* LaunchScreen.storyboard in Resources */,
				8748A3E920B884CD00DFBD9A /* Assets.xcassets in Resources */,
				8748A3E720B884CC00DFBD9A /* Main.storyboard in Resources */,
			);
			runOnlyForDeploymentPostprocessing = 0;
		};
/* End PBXResourcesBuildPhase section */

/* Begin PBXShellScriptBuildPhase section */
		3839AEB5CB6A5A97BA8B075F /* [CP] Check Pods Manifest.lock */ = {
			isa = PBXShellScriptBuildPhase;
			buildActionMask = 2147483647;
			files = (
			);
			inputPaths = (
				"${PODS_PODFILE_DIR_PATH}/Podfile.lock",
				"${PODS_ROOT}/Manifest.lock",
			);
			name = "[CP] Check Pods Manifest.lock";
			outputPaths = (
				"$(DERIVED_FILE_DIR)/Pods-Todoey-checkManifestLockResult.txt",
			);
			runOnlyForDeploymentPostprocessing = 0;
			shellPath = /bin/sh;
			shellScript = "diff \"${PODS_PODFILE_DIR_PATH}/Podfile.lock\" \"${PODS_ROOT}/Manifest.lock\" > /dev/null\nif [ $? != 0 ] ; then\n    # print error to STDERR\n    echo \"error: The sandbox is not in sync with the Podfile.lock. Run 'pod install' or update your CocoaPods installation.\" >&2\n    exit 1\nfi\n# This output is used by Xcode 'outputs' to avoid re-running this script phase.\necho \"SUCCESS\" > \"${SCRIPT_OUTPUT_FILE_0}\"\n";
			showEnvVarsInLog = 0;
		};
		9F56012FB0C13D68F953FABD /* [CP] Copy Pods Resources */ = {
			isa = PBXShellScriptBuildPhase;
			buildActionMask = 2147483647;
			files = (
			);
			inputPaths = (
			);
			name = "[CP] Copy Pods Resources";
			outputPaths = (
			);
			runOnlyForDeploymentPostprocessing = 0;
			shellPath = /bin/sh;
			shellScript = "\"${SRCROOT}/Pods/Target Support Files/Pods-Todoey/Pods-Todoey-resources.sh\"\n";
			showEnvVarsInLog = 0;
		};
		CA85BB6F17F186A4EA85F46D /* [CP] Embed Pods Frameworks */ = {
			isa = PBXShellScriptBuildPhase;
			buildActionMask = 2147483647;
			files = (
			);
			inputPaths = (
				"${SRCROOT}/Pods/Target Support Files/Pods-Todoey/Pods-Todoey-frameworks.sh",
				"${BUILT_PRODUCTS_DIR}/ChameleonFramework/ChameleonFramework.framework",
				"${BUILT_PRODUCTS_DIR}/Realm/Realm.framework",
				"${BUILT_PRODUCTS_DIR}/RealmSwift/RealmSwift.framework",
				"${BUILT_PRODUCTS_DIR}/SwipeCellKit/SwipeCellKit.framework",
			);
			name = "[CP] Embed Pods Frameworks";
			outputPaths = (
				"${TARGET_BUILD_DIR}/${FRAMEWORKS_FOLDER_PATH}/ChameleonFramework.framework",
				"${TARGET_BUILD_DIR}/${FRAMEWORKS_FOLDER_PATH}/Realm.framework",
				"${TARGET_BUILD_DIR}/${FRAMEWORKS_FOLDER_PATH}/RealmSwift.framework",
				"${TARGET_BUILD_DIR}/${FRAMEWORKS_FOLDER_PATH}/SwipeCellKit.framework",
			);
			runOnlyForDeploymentPostprocessing = 0;
			shellPath = /bin/sh;
			shellScript = "\"${SRCROOT}/Pods/Target Support Files/Pods-Todoey/Pods-Todoey-frameworks.sh\"\n";
			showEnvVarsInLog = 0;
		};
/* End PBXShellScriptBuildPhase section */

/* Begin PBXSourcesBuildPhase section */
		8748A3DA20B884CC00DFBD9A /* Sources */ = {
			isa = PBXSourcesBuildPhase;
			buildActionMask = 2147483647;
			files = (
				87778B4220E963D900D02EB1 /* Item.swift in Sources */,
				87A8A58C20E6A87A00826811 /* CategoryViewController.swift in Sources */,
				8748A3E420B884CC00DFBD9A /* ToDoListViewController.swift in Sources */,
				8748A3E220B884CC00DFBD9A /* AppDelegate.swift in Sources */,
				878A1DC020F894E20080417A /* SwipeTableViewController.swift in Sources */,
				87778B4420E963E000D02EB1 /* Category.swift in Sources */,
			);
			runOnlyForDeploymentPostprocessing = 0;
		};
/* End PBXSourcesBuildPhase section */

/* Begin PBXVariantGroup section */
		8748A3E520B884CC00DFBD9A /* Main.storyboard */ = {
			isa = PBXVariantGroup;
			children = (
				8748A3E620B884CC00DFBD9A /* Base */,
			);
			name = Main.storyboard;
			sourceTree = "<group>";
		};
		8748A3EA20B884CD00DFBD9A /* LaunchScreen.storyboard */ = {
			isa = PBXVariantGroup;
			children = (
				8748A3EB20B884CD00DFBD9A /* Base */,
			);
			name = LaunchScreen.storyboard;
			sourceTree = "<group>";
		};
/* End PBXVariantGroup section */

/* Begin XCBuildConfiguration section */
		8748A3EE20B884CD00DFBD9A /* Debug */ = {
			isa = XCBuildConfiguration;
			buildSettings = {
				ALWAYS_SEARCH_USER_PATHS = NO;
				CLANG_ANALYZER_NONNULL = YES;
				CLANG_ANALYZER_NUMBER_OBJECT_CONVERSION = YES_AGGRESSIVE;
				CLANG_CXX_LANGUAGE_STANDARD = "gnu++14";
				CLANG_CXX_LIBRARY = "libc++";
				CLANG_ENABLE_MODULES = YES;
				CLANG_ENABLE_OBJC_ARC = YES;
				CLANG_ENABLE_OBJC_WEAK = YES;
				CLANG_WARN_BLOCK_CAPTURE_AUTORELEASING = YES;
				CLANG_WARN_BOOL_CONVERSION = YES;
				CLANG_WARN_COMMA = YES;
				CLANG_WARN_CONSTANT_CONVERSION = YES;
				CLANG_WARN_DEPRECATED_OBJC_IMPLEMENTATIONS = YES;
				CLANG_WARN_DIRECT_OBJC_ISA_USAGE = YES_ERROR;
				CLANG_WARN_DOCUMENTATION_COMMENTS = YES;
				CLANG_WARN_EMPTY_BODY = YES;
				CLANG_WARN_ENUM_CONVERSION = YES;
				CLANG_WARN_INFINITE_RECURSION = YES;
				CLANG_WARN_INT_CONVERSION = YES;
				CLANG_WARN_NON_LITERAL_NULL_CONVERSION = YES;
				CLANG_WARN_OBJC_IMPLICIT_RETAIN_SELF = YES;
				CLANG_WARN_OBJC_LITERAL_CONVERSION = YES;
				CLANG_WARN_OBJC_ROOT_CLASS = YES_ERROR;
				CLANG_WARN_RANGE_LOOP_ANALYSIS = YES;
				CLANG_WARN_STRICT_PROTOTYPES = YES;
				CLANG_WARN_SUSPICIOUS_MOVE = YES;
				CLANG_WARN_UNGUARDED_AVAILABILITY = YES_AGGRESSIVE;
				CLANG_WARN_UNREACHABLE_CODE = YES;
				CLANG_WARN__DUPLICATE_METHOD_MATCH = YES;
				CODE_SIGN_IDENTITY = "iPhone Developer";
				COPY_PHASE_STRIP = NO;
				DEBUG_INFORMATION_FORMAT = dwarf;
				ENABLE_STRICT_OBJC_MSGSEND = YES;
				ENABLE_TESTABILITY = YES;
				GCC_C_LANGUAGE_STANDARD = gnu11;
				GCC_DYNAMIC_NO_PIC = NO;
				GCC_NO_COMMON_BLOCKS = YES;
				GCC_OPTIMIZATION_LEVEL = 0;
				GCC_PREPROCESSOR_DEFINITIONS = (
					"DEBUG=1",
					"$(inherited)",
				);
				GCC_WARN_64_TO_32_BIT_CONVERSION = YES;
				GCC_WARN_ABOUT_RETURN_TYPE = YES_ERROR;
				GCC_WARN_UNDECLARED_SELECTOR = YES;
				GCC_WARN_UNINITIALIZED_AUTOS = YES_AGGRESSIVE;
				GCC_WARN_UNUSED_FUNCTION = YES;
				GCC_WARN_UNUSED_VARIABLE = YES;
				IPHONEOS_DEPLOYMENT_TARGET = 11.3;
				MTL_ENABLE_DEBUG_INFO = YES;
				ONLY_ACTIVE_ARCH = YES;
				SDKROOT = iphoneos;
				SWIFT_ACTIVE_COMPILATION_CONDITIONS = DEBUG;
				SWIFT_OPTIMIZATION_LEVEL = "-Onone";
			};
			name = Debug;
		};
		8748A3EF20B884CD00DFBD9A /* Release */ = {
			isa = XCBuildConfiguration;
			buildSettings = {
				ALWAYS_SEARCH_USER_PATHS = NO;
				CLANG_ANALYZER_NONNULL = YES;
				CLANG_ANALYZER_NUMBER_OBJECT_CONVERSION = YES_AGGRESSIVE;
				CLANG_CXX_LANGUAGE_STANDARD = "gnu++14";
				CLANG_CXX_LIBRARY = "libc++";
				CLANG_ENABLE_MODULES = YES;
				CLANG_ENABLE_OBJC_ARC = YES;
				CLANG_ENABLE_OBJC_WEAK = YES;
				CLANG_WARN_BLOCK_CAPTURE_AUTORELEASING = YES;
				CLANG_WARN_BOOL_CONVERSION = YES;
				CLANG_WARN_COMMA = YES;
				CLANG_WARN_CONSTANT_CONVERSION = YES;
				CLANG_WARN_DEPRECATED_OBJC_IMPLEMENTATIONS = YES;
				CLANG_WARN_DIRECT_OBJC_ISA_USAGE = YES_ERROR;
				CLANG_WARN_DOCUMENTATION_COMMENTS = YES;
				CLANG_WARN_EMPTY_BODY = YES;
				CLANG_WARN_ENUM_CONVERSION = YES;
				CLANG_WARN_INFINITE_RECURSION = YES;
				CLANG_WARN_INT_CONVERSION = YES;
				CLANG_WARN_NON_LITERAL_NULL_CONVERSION = YES;
				CLANG_WARN_OBJC_IMPLICIT_RETAIN_SELF = YES;
				CLANG_WARN_OBJC_LITERAL_CONVERSION = YES;
				CLANG_WARN_OBJC_ROOT_CLASS = YES_ERROR;
				CLANG_WARN_RANGE_LOOP_ANALYSIS = YES;
				CLANG_WARN_STRICT_PROTOTYPES = YES;
				CLANG_WARN_SUSPICIOUS_MOVE = YES;
				CLANG_WARN_UNGUARDED_AVAILABILITY = YES_AGGRESSIVE;
				CLANG_WARN_UNREACHABLE_CODE = YES;
				CLANG_WARN__DUPLICATE_METHOD_MATCH = YES;
				CODE_SIGN_IDENTITY = "iPhone Developer";
				COPY_PHASE_STRIP = NO;
				DEBUG_INFORMATION_FORMAT = "dwarf-with-dsym";
				ENABLE_NS_ASSERTIONS = NO;
				ENABLE_STRICT_OBJC_MSGSEND = YES;
				GCC_C_LANGUAGE_STANDARD = gnu11;
				GCC_NO_COMMON_BLOCKS = YES;
				GCC_WARN_64_TO_32_BIT_CONVERSION = YES;
				GCC_WARN_ABOUT_RETURN_TYPE = YES_ERROR;
				GCC_WARN_UNDECLARED_SELECTOR = YES;
				GCC_WARN_UNINITIALIZED_AUTOS = YES_AGGRESSIVE;
				GCC_WARN_UNUSED_FUNCTION = YES;
				GCC_WARN_UNUSED_VARIABLE = YES;
				IPHONEOS_DEPLOYMENT_TARGET = 11.3;
				MTL_ENABLE_DEBUG_INFO = NO;
				SDKROOT = iphoneos;
				SWIFT_COMPILATION_MODE = wholemodule;
				SWIFT_OPTIMIZATION_LEVEL = "-O";
				VALIDATE_PRODUCT = YES;
			};
			name = Release;
		};
		8748A3F120B884CD00DFBD9A /* Debug */ = {
			isa = XCBuildConfiguration;
			baseConfigurationReference = 714FA9B02BD22CAFA0565F5C /* Pods-Todoey.debug.xcconfig */;
			buildSettings = {
				ASSETCATALOG_COMPILER_APPICON_NAME = AppIcon;
				CODE_SIGN_STYLE = Automatic;
				DEVELOPMENT_TEAM = MM934V475K;
				INFOPLIST_FILE = Todoey/Info.plist;
				LD_RUNPATH_SEARCH_PATHS = "$(inherited) @executable_path/Frameworks";
				PRODUCT_BUNDLE_IDENTIFIER = com.azizzaynutdinov.Todoey;
				PRODUCT_NAME = "$(TARGET_NAME)";
				SWIFT_VERSION = 4.0;
				TARGETED_DEVICE_FAMILY = "1,2";
			};
			name = Debug;
		};
		8748A3F220B884CD00DFBD9A /* Release */ = {
			isa = XCBuildConfiguration;
			baseConfigurationReference = 4D757684FBD40DDEB08D754A /* Pods-Todoey.release.xcconfig */;
			buildSettings = {
				ASSETCATALOG_COMPILER_APPICON_NAME = AppIcon;
				CODE_SIGN_STYLE = Automatic;
				DEVELOPMENT_TEAM = MM934V475K;
				INFOPLIST_FILE = Todoey/Info.plist;
				LD_RUNPATH_SEARCH_PATHS = "$(inherited) @executable_path/Frameworks";
				PRODUCT_BUNDLE_IDENTIFIER = com.azizzaynutdinov.Todoey;
				PRODUCT_NAME = "$(TARGET_NAME)";
				SWIFT_VERSION = 4.0;
				TARGETED_DEVICE_FAMILY = "1,2";
			};
			name = Release;
		};
/* End XCBuildConfiguration section */

/* Begin XCConfigurationList section */
		8748A3D920B884CC00DFBD9A /* Build configuration list for PBXProject "Todoey" */ = {
			isa = XCConfigurationList;
			buildConfigurations = (
				8748A3EE20B884CD00DFBD9A /* Debug */,
				8748A3EF20B884CD00DFBD9A /* Release */,
			);
			defaultConfigurationIsVisible = 0;
			defaultConfigurationName = Release;
		};
		8748A3F020B884CD00DFBD9A /* Build configuration list for PBXNativeTarget "Todoey" */ = {
			isa = XCConfigurationList;
			buildConfigurations = (
				8748A3F120B884CD00DFBD9A /* Debug */,
				8748A3F220B884CD00DFBD9A /* Release */,
			);
			defaultConfigurationIsVisible = 0;
			defaultConfigurationName = Release;
		};
/* End XCConfigurationList section */
	};
	rootObject = 8748A3D620B884CC00DFBD9A /* Project object */;
}
